
Microsoft Visual Studio Solution File, Format Version 12.00
# Visual Studio Version 16
VisualStudioVersion = 16.0.31729.503
MinimumVisualStudioVersion = 10.0.40219.1
Project("{FAE04EC0-301F-11D3-BF4B-00C04F79EFBC}") = "BinarySearchUC3", "BinarySearchUC3\BinarySearchUC3.csproj", "{3FF62625-E68E-4667-B5BD-0C88FFC52601}"
EndProject
Global
	GlobalSection(SolutionConfigurationPlatforms) = preSolution
		Debug|Any CPU = Debug|Any CPU
		Release|Any CPU = Release|Any CPU
	EndGlobalSection
	GlobalSection(ProjectConfigurationPlatforms) = postSolution
		{3FF62625-E68E-4667-B5BD-0C88FFC52601}.Debug|Any CPU.ActiveCfg = Debug|Any CPU
		{3FF62625-E68E-4667-B5BD-0C88FFC52601}.Debug|Any CPU.Build.0 = Debug|Any CPU
		{3FF62625-E68E-4667-B5BD-0C88FFC52601}.Release|Any CPU.ActiveCfg = Release|Any CPU
		{3FF62625-E68E-4667-B5BD-0C88FFC52601}.Release|Any CPU.Build.0 = Release|Any CPU
	EndGlobalSection
	GlobalSection(SolutionProperties) = preSolution
		HideSolutionNode = FALSE
	EndGlobalSection
	GlobalSection(ExtensibilityGlobals) = postSolution
		SolutionGuid = {4F7D1AE3-D74A-4419-B8E0-31930FF23A78}
	EndGlobalSection
EndGlobal
